// !$*UTF8*$!
{
	archiveVersion = 1;
	classes = {
	};
	objectVersion = 48;
	objects = {

/* Begin PBXBuildFile section */
		5FABE8062048514B009B36C7 /* TodoTasks.m in Sources */ = {isa = PBXBuildFile; fileRef = 5FABE8052048514B009B36C7 /* TodoTasks.m */; };
		94445BC2201B221400057B03 /* AppDelegate.m in Sources */ = {isa = PBXBuildFile; fileRef = 94445BC1201B221400057B03 /* AppDelegate.m */; };
		94445BC8201B221400057B03 /* Main.storyboard in Resources */ = {isa = PBXBuildFile; fileRef = 94445BC6201B221400057B03 /* Main.storyboard */; };
		94445BCA201B221400057B03 /* Assets.xcassets in Resources */ = {isa = PBXBuildFile; fileRef = 94445BC9201B221400057B03 /* Assets.xcassets */; };
		94445BCD201B221400057B03 /* LaunchScreen.storyboard in Resources */ = {isa = PBXBuildFile; fileRef = 94445BCB201B221400057B03 /* LaunchScreen.storyboard */; };
		94445BD0201B221400057B03 /* main.m in Sources */ = {isa = PBXBuildFile; fileRef = 94445BCF201B221400057B03 /* main.m */; };
		94445BD8201B260500057B03 /* TodoMachine.m in Sources */ = {isa = PBXBuildFile; fileRef = 94445BD7201B260500057B03 /* TodoMachine.m */; };
		94E3C6EE201F3CD3001C84EB /* OpenSans-LightItalic.ttf in Resources */ = {isa = PBXBuildFile; fileRef = 94E3C6E4201F3CCB001C84EB /* OpenSans-LightItalic.ttf */; };
		94E3C6EF201F3CD3001C84EB /* OpenSans-SemiBold.ttf in Resources */ = {isa = PBXBuildFile; fileRef = 94E3C6E5201F3CCC001C84EB /* OpenSans-SemiBold.ttf */; };
		94E3C6F0201F3CD3001C84EB /* OpenSans-Light.ttf in Resources */ = {isa = PBXBuildFile; fileRef = 94E3C6E6201F3CCC001C84EB /* OpenSans-Light.ttf */; };
		94E3C6F1201F3CD3001C84EB /* OpenSans-Regular.ttf in Resources */ = {isa = PBXBuildFile; fileRef = 94E3C6E7201F3CCD001C84EB /* OpenSans-Regular.ttf */; };
		94E3C6F2201F3CD3001C84EB /* OpenSans-Bold.ttf in Resources */ = {isa = PBXBuildFile; fileRef = 94E3C6E8201F3CCE001C84EB /* OpenSans-Bold.ttf */; };
		94E3C6F3201F3CD3001C84EB /* OpenSans-BoldItalic.ttf in Resources */ = {isa = PBXBuildFile; fileRef = 94E3C6E9201F3CCF001C84EB /* OpenSans-BoldItalic.ttf */; };
		94E3C6F4201F3CD3001C84EB /* OpenSans-SemiBoldItalic.ttf in Resources */ = {isa = PBXBuildFile; fileRef = 94E3C6EA201F3CD0001C84EB /* OpenSans-SemiBoldItalic.ttf */; };
		94E3C6F5201F3CD3001C84EB /* OpenSans-ExtraBoldItalic.ttf in Resources */ = {isa = PBXBuildFile; fileRef = 94E3C6EB201F3CD0001C84EB /* OpenSans-ExtraBoldItalic.ttf */; };
		94E3C6F6201F3CD3001C84EB /* OpenSans-Italic.ttf in Resources */ = {isa = PBXBuildFile; fileRef = 94E3C6EC201F3CD1001C84EB /* OpenSans-Italic.ttf */; };
		94E3C6F7201F3CD3001C84EB /* OpenSans-ExtraBold.ttf in Resources */ = {isa = PBXBuildFile; fileRef = 94E3C6ED201F3CD2001C84EB /* OpenSans-ExtraBold.ttf */; };
		94E3C6FA201F4223001C84EB /* SimpleAddViewController.m in Sources */ = {isa = PBXBuildFile; fileRef = 94E3C6F9201F4223001C84EB /* SimpleAddViewController.m */; };
		94E3C6FD201F5F3C001C84EB /* SimpleDeleteViewController.m in Sources */ = {isa = PBXBuildFile; fileRef = 94E3C6FC201F5F3C001C84EB /* SimpleDeleteViewController.m */; };
		94E3C6FF201F6151001C84EB /* BRINGTHANOIZE.TTF in Resources */ = {isa = PBXBuildFile; fileRef = 94E3C6FE201F6150001C84EB /* BRINGTHANOIZE.TTF */; };
		94E3C70520211B33001C84EB /* ToDoTableViewController.m in Sources */ = {isa = PBXBuildFile; fileRef = 94E3C70420211B33001C84EB /* ToDoTableViewController.m */; };
		94E3C70820271E68001C84EB /* ToDoTableViewCell.m in Sources */ = {isa = PBXBuildFile; fileRef = 94E3C70720271E68001C84EB /* ToDoTableViewCell.m */; };
/* End PBXBuildFile section */

/* Begin PBXFileReference section */
		5FABE8042048514B009B36C7 /* TodoTasks.h */ = {isa = PBXFileReference; lastKnownFileType = sourcecode.c.h; path = TodoTasks.h; sourceTree = "<group>"; };
		5FABE8052048514B009B36C7 /* TodoTasks.m */ = {isa = PBXFileReference; lastKnownFileType = sourcecode.c.objc; path = TodoTasks.m; sourceTree = "<group>"; };
		94445BBD201B221400057B03 /* TOdeDO.app */ = {isa = PBXFileReference; explicitFileType = wrapper.application; includeInIndex = 0; path = TOdeDO.app; sourceTree = BUILT_PRODUCTS_DIR; };
		94445BC0201B221400057B03 /* AppDelegate.h */ = {isa = PBXFileReference; lastKnownFileType = sourcecode.c.h; path = AppDelegate.h; sourceTree = "<group>"; };
		94445BC1201B221400057B03 /* AppDelegate.m */ = {isa = PBXFileReference; lastKnownFileType = sourcecode.c.objc; path = AppDelegate.m; sourceTree = "<group>"; };
		94445BC7201B221400057B03 /* Base */ = {isa = PBXFileReference; lastKnownFileType = file.storyboard; name = Base; path = Base.lproj/Main.storyboard; sourceTree = "<group>"; };
		94445BC9201B221400057B03 /* Assets.xcassets */ = {isa = PBXFileReference; lastKnownFileType = folder.assetcatalog; path = Assets.xcassets; sourceTree = "<group>"; };
		94445BCC201B221400057B03 /* Base */ = {isa = PBXFileReference; lastKnownFileType = file.storyboard; name = Base; path = Base.lproj/LaunchScreen.storyboard; sourceTree = "<group>"; };
		94445BCE201B221400057B03 /* Info.plist */ = {isa = PBXFileReference; lastKnownFileType = text.plist.xml; path = Info.plist; sourceTree = "<group>"; };
		94445BCF201B221400057B03 /* main.m */ = {isa = PBXFileReference; lastKnownFileType = sourcecode.c.objc; path = main.m; sourceTree = "<group>"; };
		94445BD6201B260500057B03 /* TodoMachine.h */ = {isa = PBXFileReference; lastKnownFileType = sourcecode.c.h; path = TodoMachine.h; sourceTree = "<group>"; };
		94445BD7201B260500057B03 /* TodoMachine.m */ = {isa = PBXFileReference; lastKnownFileType = sourcecode.c.objc; path = TodoMachine.m; sourceTree = "<group>"; };
		94E3C6E4201F3CCB001C84EB /* OpenSans-LightItalic.ttf */ = {isa = PBXFileReference; lastKnownFileType = file; path = "OpenSans-LightItalic.ttf"; sourceTree = "<group>"; };
		94E3C6E5201F3CCC001C84EB /* OpenSans-SemiBold.ttf */ = {isa = PBXFileReference; lastKnownFileType = file; path = "OpenSans-SemiBold.ttf"; sourceTree = "<group>"; };
		94E3C6E6201F3CCC001C84EB /* OpenSans-Light.ttf */ = {isa = PBXFileReference; lastKnownFileType = file; path = "OpenSans-Light.ttf"; sourceTree = "<group>"; };
		94E3C6E7201F3CCD001C84EB /* OpenSans-Regular.ttf */ = {isa = PBXFileReference; lastKnownFileType = file; path = "OpenSans-Regular.ttf"; sourceTree = "<group>"; };
		94E3C6E8201F3CCE001C84EB /* OpenSans-Bold.ttf */ = {isa = PBXFileReference; lastKnownFileType = file; path = "OpenSans-Bold.ttf"; sourceTree = "<group>"; };
		94E3C6E9201F3CCF001C84EB /* OpenSans-BoldItalic.ttf */ = {isa = PBXFileReference; lastKnownFileType = file; path = "OpenSans-BoldItalic.ttf"; sourceTree = "<group>"; };
		94E3C6EA201F3CD0001C84EB /* OpenSans-SemiBoldItalic.ttf */ = {isa = PBXFileReference; lastKnownFileType = file; path = "OpenSans-SemiBoldItalic.ttf"; sourceTree = "<group>"; };
		94E3C6EB201F3CD0001C84EB /* OpenSans-ExtraBoldItalic.ttf */ = {isa = PBXFileReference; lastKnownFileType = file; path = "OpenSans-ExtraBoldItalic.ttf"; sourceTree = "<group>"; };
		94E3C6EC201F3CD1001C84EB /* OpenSans-Italic.ttf */ = {isa = PBXFileReference; lastKnownFileType = file; path = "OpenSans-Italic.ttf"; sourceTree = "<group>"; };
		94E3C6ED201F3CD2001C84EB /* OpenSans-ExtraBold.ttf */ = {isa = PBXFileReference; lastKnownFileType = file; path = "OpenSans-ExtraBold.ttf"; sourceTree = "<group>"; };
		94E3C6F8201F4223001C84EB /* SimpleAddViewController.h */ = {isa = PBXFileReference; lastKnownFileType = sourcecode.c.h; path = SimpleAddViewController.h; sourceTree = "<group>"; };
		94E3C6F9201F4223001C84EB /* SimpleAddViewController.m */ = {isa = PBXFileReference; lastKnownFileType = sourcecode.c.objc; path = SimpleAddViewController.m; sourceTree = "<group>"; };
		94E3C6FB201F5F3C001C84EB /* SimpleDeleteViewController.h */ = {isa = PBXFileReference; lastKnownFileType = sourcecode.c.h; path = SimpleDeleteViewController.h; sourceTree = "<group>"; };
		94E3C6FC201F5F3C001C84EB /* SimpleDeleteViewController.m */ = {isa = PBXFileReference; lastKnownFileType = sourcecode.c.objc; path = SimpleDeleteViewController.m; sourceTree = "<group>"; };
		94E3C6FE201F6150001C84EB /* BRINGTHANOIZE.TTF */ = {isa = PBXFileReference; lastKnownFileType = file; path = BRINGTHANOIZE.TTF; sourceTree = "<group>"; };
		94E3C70320211B33001C84EB /* ToDoTableViewController.h */ = {isa = PBXFileReference; lastKnownFileType = sourcecode.c.h; path = ToDoTableViewController.h; sourceTree = "<group>"; };
		94E3C70420211B33001C84EB /* ToDoTableViewController.m */ = {isa = PBXFileReference; lastKnownFileType = sourcecode.c.objc; path = ToDoTableViewController.m; sourceTree = "<group>"; };
		94E3C70620271E68001C84EB /* ToDoTableViewCell.h */ = {isa = PBXFileReference; lastKnownFileType = sourcecode.c.h; path = ToDoTableViewCell.h; sourceTree = "<group>"; };
		94E3C70720271E68001C84EB /* ToDoTableViewCell.m */ = {isa = PBXFileReference; lastKnownFileType = sourcecode.c.objc; path = ToDoTableViewCell.m; sourceTree = "<group>"; };
/* End PBXFileReference section */

/* Begin PBXFrameworksBuildPhase section */
		94445BBA201B221400057B03 /* Frameworks */ = {
			isa = PBXFrameworksBuildPhase;
			buildActionMask = 2147483647;
			files = (
			);
			runOnlyForDeploymentPostprocessing = 0;
		};
/* End PBXFrameworksBuildPhase section */

/* Begin PBXGroup section */
		94445BB4201B221300057B03 = {
			isa = PBXGroup;
			children = (
				94445BBF201B221400057B03 /* TOdeDO */,
				94445BBE201B221400057B03 /* Products */,
			);
			sourceTree = "<group>";
		};
		94445BBE201B221400057B03 /* Products */ = {
			isa = PBXGroup;
			children = (
				94445BBD201B221400057B03 /* TOdeDO.app */,
			);
			name = Products;
			sourceTree = "<group>";
		};
		94445BBF201B221400057B03 /* TOdeDO */ = {
			isa = PBXGroup;
			children = (
				94445BC0201B221400057B03 /* AppDelegate.h */,
				94445BC1201B221400057B03 /* AppDelegate.m */,
				94445BD6201B260500057B03 /* TodoMachine.h */,
				94445BD7201B260500057B03 /* TodoMachine.m */,
				94E3C6FB201F5F3C001C84EB /* SimpleDeleteViewController.h */,
				94E3C6FC201F5F3C001C84EB /* SimpleDeleteViewController.m */,
				94445BC6201B221400057B03 /* Main.storyboard */,
				94E3C70320211B33001C84EB /* ToDoTableViewController.h */,
				94E3C70420211B33001C84EB /* ToDoTableViewController.m */,
				94E3C70620271E68001C84EB /* ToDoTableViewCell.h */,
				94E3C70720271E68001C84EB /* ToDoTableViewCell.m */,
				94E3C6F8201F4223001C84EB /* SimpleAddViewController.h */,
				94E3C6F9201F4223001C84EB /* SimpleAddViewController.m */,
				94445BC9201B221400057B03 /* Assets.xcassets */,
				94E3C6E3201F3C01001C84EB /* Fonts */,
				94445BCB201B221400057B03 /* LaunchScreen.storyboard */,
				94445BCE201B221400057B03 /* Info.plist */,
				94445BCF201B221400057B03 /* main.m */,
				5FABE8042048514B009B36C7 /* TodoTasks.h */,
				5FABE8052048514B009B36C7 /* TodoTasks.m */,
			);
			path = TOdeDO;
			sourceTree = "<group>";
		};
		94E3C6E3201F3C01001C84EB /* Fonts */ = {
			isa = PBXGroup;
			children = (
				94E3C6FE201F6150001C84EB /* BRINGTHANOIZE.TTF */,
				94E3C6E8201F3CCE001C84EB /* OpenSans-Bold.ttf */,
				94E3C6E9201F3CCF001C84EB /* OpenSans-BoldItalic.ttf */,
				94E3C6ED201F3CD2001C84EB /* OpenSans-ExtraBold.ttf */,
				94E3C6EB201F3CD0001C84EB /* OpenSans-ExtraBoldItalic.ttf */,
				94E3C6EC201F3CD1001C84EB /* OpenSans-Italic.ttf */,
				94E3C6E6201F3CCC001C84EB /* OpenSans-Light.ttf */,
				94E3C6E4201F3CCB001C84EB /* OpenSans-LightItalic.ttf */,
				94E3C6E7201F3CCD001C84EB /* OpenSans-Regular.ttf */,
				94E3C6E5201F3CCC001C84EB /* OpenSans-SemiBold.ttf */,
				94E3C6EA201F3CD0001C84EB /* OpenSans-SemiBoldItalic.ttf */,
			);
			path = Fonts;
			sourceTree = "<group>";
		};
/* End PBXGroup section */

/* Begin PBXNativeTarget section */
		94445BBC201B221400057B03 /* TOdeDO */ = {
			isa = PBXNativeTarget;
			buildConfigurationList = 94445BD3201B221400057B03 /* Build configuration list for PBXNativeTarget "TOdeDO" */;
			buildPhases = (
				94445BB9201B221400057B03 /* Sources */,
				94445BBA201B221400057B03 /* Frameworks */,
				94445BBB201B221400057B03 /* Resources */,
			);
			buildRules = (
			);
			dependencies = (
			);
			name = TOdeDO;
			productName = TOdeDO;
			productReference = 94445BBD201B221400057B03 /* TOdeDO.app */;
			productType = "com.apple.product-type.application";
		};
/* End PBXNativeTarget section */

/* Begin PBXProject section */
		94445BB5201B221300057B03 /* Project object */ = {
			isa = PBXProject;
			attributes = {
				LastUpgradeCheck = 0920;
				ORGANIZATIONNAME = "Patrik Rikama Hinnenberg";
				TargetAttributes = {
					94445BBC201B221400057B03 = {
						CreatedOnToolsVersion = 9.2;
						ProvisioningStyle = Automatic;
					};
				};
			};
			buildConfigurationList = 94445BB8201B221300057B03 /* Build configuration list for PBXProject "TOdeDO" */;
			compatibilityVersion = "Xcode 8.0";
			developmentRegion = en;
			hasScannedForEncodings = 0;
			knownRegions = (
				en,
				Base,
			);
			mainGroup = 94445BB4201B221300057B03;
			productRefGroup = 94445BBE201B221400057B03 /* Products */;
			projectDirPath = "";
			projectRoot = "";
			targets = (
				94445BBC201B221400057B03 /* TOdeDO */,
			);
		};
/* End PBXProject section */

/* Begin PBXResourcesBuildPhase section */
		94445BBB201B221400057B03 /* Resources */ = {
			isa = PBXResourcesBuildPhase;
			buildActionMask = 2147483647;
			files = (
				94E3C6F0201F3CD3001C84EB /* OpenSans-Light.ttf in Resources */,
				94445BCD201B221400057B03 /* LaunchScreen.storyboard in Resources */,
				94E3C6F2201F3CD3001C84EB /* OpenSans-Bold.ttf in Resources */,
				94445BCA201B221400057B03 /* Assets.xcassets in Resources */,
				94E3C6F4201F3CD3001C84EB /* OpenSans-SemiBoldItalic.ttf in Resources */,
				94E3C6F1201F3CD3001C84EB /* OpenSans-Regular.ttf in Resources */,
				94E3C6EF201F3CD3001C84EB /* OpenSans-SemiBold.ttf in Resources */,
				94E3C6F3201F3CD3001C84EB /* OpenSans-BoldItalic.ttf in Resources */,
				94E3C6EE201F3CD3001C84EB /* OpenSans-LightItalic.ttf in Resources */,
				94E3C6FF201F6151001C84EB /* BRINGTHANOIZE.TTF in Resources */,
				94E3C6F6201F3CD3001C84EB /* OpenSans-Italic.ttf in Resources */,
				94E3C6F5201F3CD3001C84EB /* OpenSans-ExtraBoldItalic.ttf in Resources */,
				94445BC8201B221400057B03 /* Main.storyboard in Resources */,
				94E3C6F7201F3CD3001C84EB /* OpenSans-ExtraBold.ttf in Resources */,
			);
			runOnlyForDeploymentPostprocessing = 0;
		};
/* End PBXResourcesBuildPhase section */

/* Begin PBXSourcesBuildPhase section */
		94445BB9201B221400057B03 /* Sources */ = {
			isa = PBXSourcesBuildPhase;
			buildActionMask = 2147483647;
			files = (
				94445BD0201B221400057B03 /* main.m in Sources */,
				94445BC2201B221400057B03 /* AppDelegate.m in Sources */,
				94E3C70520211B33001C84EB /* ToDoTableViewController.m in Sources */,
				5FABE8062048514B009B36C7 /* TodoTasks.m in Sources */,
				94445BD8201B260500057B03 /* TodoMachine.m in Sources */,
				94E3C6FA201F4223001C84EB /* SimpleAddViewController.m in Sources */,
				94E3C6FD201F5F3C001C84EB /* SimpleDeleteViewController.m in Sources */,
				94E3C70820271E68001C84EB /* ToDoTableViewCell.m in Sources */,
			);
			runOnlyForDeploymentPostprocessing = 0;
		};
/* End PBXSourcesBuildPhase section */

/* Begin PBXVariantGroup section */
		94445BC6201B221400057B03 /* Main.storyboard */ = {
			isa = PBXVariantGroup;
			children = (
				94445BC7201B221400057B03 /* Base */,
			);
			name = Main.storyboard;
			sourceTree = "<group>";
		};
		94445BCB201B221400057B03 /* LaunchScreen.storyboard */ = {
			isa = PBXVariantGroup;
			children = (
				94445BCC201B221400057B03 /* Base */,
			);
			name = LaunchScreen.storyboard;
			sourceTree = "<group>";
		};
/* End PBXVariantGroup section */

/* Begin XCBuildConfiguration section */
		94445BD1201B221400057B03 /* Debug */ = {
			isa = XCBuildConfiguration;
			buildSettings = {
				ALWAYS_SEARCH_USER_PATHS = NO;
				CLANG_ANALYZER_NONNULL = YES;
				CLANG_ANALYZER_NUMBER_OBJECT_CONVERSION = YES_AGGRESSIVE;
				CLANG_CXX_LANGUAGE_STANDARD = "gnu++14";
				CLANG_CXX_LIBRARY = "libc++";
				CLANG_ENABLE_MODULES = YES;
				CLANG_ENABLE_OBJC_ARC = YES;
				CLANG_WARN_BLOCK_CAPTURE_AUTORELEASING = YES;
				CLANG_WARN_BOOL_CONVERSION = YES;
				CLANG_WARN_COMMA = YES;
				CLANG_WARN_CONSTANT_CONVERSION = YES;
				CLANG_WARN_DIRECT_OBJC_ISA_USAGE = YES_ERROR;
				CLANG_WARN_DOCUMENTATION_COMMENTS = YES;
				CLANG_WARN_EMPTY_BODY = YES;
				CLANG_WARN_ENUM_CONVERSION = YES;
				CLANG_WARN_INFINITE_RECURSION = YES;
				CLANG_WARN_INT_CONVERSION = YES;
				CLANG_WARN_NON_LITERAL_NULL_CONVERSION = YES;
				CLANG_WARN_OBJC_LITERAL_CONVERSION = YES;
				CLANG_WARN_OBJC_ROOT_CLASS = YES_ERROR;
				CLANG_WARN_RANGE_LOOP_ANALYSIS = YES;
				CLANG_WARN_STRICT_PROTOTYPES = YES;
				CLANG_WARN_SUSPICIOUS_MOVE = YES;
				CLANG_WARN_UNGUARDED_AVAILABILITY = YES_AGGRESSIVE;
				CLANG_WARN_UNREACHABLE_CODE = YES;
				CLANG_WARN__DUPLICATE_METHOD_MATCH = YES;
				CODE_SIGN_IDENTITY = "iPhone Developer";
				COPY_PHASE_STRIP = NO;
				DEBUG_INFORMATION_FORMAT = dwarf;
				ENABLE_STRICT_OBJC_MSGSEND = YES;
				ENABLE_TESTABILITY = YES;
				GCC_C_LANGUAGE_STANDARD = gnu11;
				GCC_DYNAMIC_NO_PIC = NO;
				GCC_NO_COMMON_BLOCKS = YES;
				GCC_OPTIMIZATION_LEVEL = 0;
				GCC_PREPROCESSOR_DEFINITIONS = (
					"DEBUG=1",
					"$(inherited)",
				);
				GCC_WARN_64_TO_32_BIT_CONVERSION = YES;
				GCC_WARN_ABOUT_RETURN_TYPE = YES_ERROR;
				GCC_WARN_UNDECLARED_SELECTOR = YES;
				GCC_WARN_UNINITIALIZED_AUTOS = YES_AGGRESSIVE;
				GCC_WARN_UNUSED_FUNCTION = YES;
				GCC_WARN_UNUSED_VARIABLE = YES;
				IPHONEOS_DEPLOYMENT_TARGET = 11.2;
				MTL_ENABLE_DEBUG_INFO = YES;
				ONLY_ACTIVE_ARCH = YES;
				SDKROOT = iphoneos;
			};
			name = Debug;
		};
		94445BD2201B221400057B03 /* Release */ = {
			isa = XCBuildConfiguration;
			buildSettings = {
				ALWAYS_SEARCH_USER_PATHS = NO;
				CLANG_ANALYZER_NONNULL = YES;
				CLANG_ANALYZER_NUMBER_OBJECT_CONVERSION = YES_AGGRESSIVE;
				CLANG_CXX_LANGUAGE_STANDARD = "gnu++14";
				CLANG_CXX_LIBRARY = "libc++";
				CLANG_ENABLE_MODULES = YES;
				CLANG_ENABLE_OBJC_ARC = YES;
				CLANG_WARN_BLOCK_CAPTURE_AUTORELEASING = YES;
				CLANG_WARN_BOOL_CONVERSION = YES;
				CLANG_WARN_COMMA = YES;
				CLANG_WARN_CONSTANT_CONVERSION = YES;
				CLANG_WARN_DIRECT_OBJC_ISA_USAGE = YES_ERROR;
				CLANG_WARN_DOCUMENTATION_COMMENTS = YES;
				CLANG_WARN_EMPTY_BODY = YES;
				CLANG_WARN_ENUM_CONVERSION = YES;
				CLANG_WARN_INFINITE_RECURSION = YES;
				CLANG_WARN_INT_CONVERSION = YES;
				CLANG_WARN_NON_LITERAL_NULL_CONVERSION = YES;
				CLANG_WARN_OBJC_LITERAL_CONVERSION = YES;
				CLANG_WARN_OBJC_ROOT_CLASS = YES_ERROR;
				CLANG_WARN_RANGE_LOOP_ANALYSIS = YES;
				CLANG_WARN_STRICT_PROTOTYPES = YES;
				CLANG_WARN_SUSPICIOUS_MOVE = YES;
				CLANG_WARN_UNGUARDED_AVAILABILITY = YES_AGGRESSIVE;
				CLANG_WARN_UNREACHABLE_CODE = YES;
				CLANG_WARN__DUPLICATE_METHOD_MATCH = YES;
				CODE_SIGN_IDENTITY = "iPhone Developer";
				COPY_PHASE_STRIP = NO;
				DEBUG_INFORMATION_FORMAT = "dwarf-with-dsym";
				ENABLE_NS_ASSERTIONS = NO;
				ENABLE_STRICT_OBJC_MSGSEND = YES;
				GCC_C_LANGUAGE_STANDARD = gnu11;
				GCC_NO_COMMON_BLOCKS = YES;
				GCC_WARN_64_TO_32_BIT_CONVERSION = YES;
				GCC_WARN_ABOUT_RETURN_TYPE = YES_ERROR;
				GCC_WARN_UNDECLARED_SELECTOR = YES;
				GCC_WARN_UNINITIALIZED_AUTOS = YES_AGGRESSIVE;
				GCC_WARN_UNUSED_FUNCTION = YES;
				GCC_WARN_UNUSED_VARIABLE = YES;
				IPHONEOS_DEPLOYMENT_TARGET = 11.2;
				MTL_ENABLE_DEBUG_INFO = NO;
				SDKROOT = iphoneos;
				VALIDATE_PRODUCT = YES;
			};
			name = Release;
		};
		94445BD4201B221400057B03 /* Debug */ = {
			isa = XCBuildConfiguration;
			buildSettings = {
				ASSETCATALOG_COMPILER_APPICON_NAME = AppIcon;
				CODE_SIGN_STYLE = Automatic;
				DEVELOPMENT_TEAM = 57UD8XX9GY;
				INFOPLIST_FILE = TOdeDO/Info.plist;
				LD_RUNPATH_SEARCH_PATHS = "$(inherited) @executable_path/Frameworks";
				PRODUCT_BUNDLE_IDENTIFIER = PRH.TOdeDO;
				PRODUCT_NAME = "$(TARGET_NAME)";
				TARGETED_DEVICE_FAMILY = "1,2";
			};
			name = Debug;
		};
		94445BD5201B221400057B03 /* Release */ = {
			isa = XCBuildConfiguration;
			buildSettings = {
				ASSETCATALOG_COMPILER_APPICON_NAME = AppIcon;
				CODE_SIGN_STYLE = Automatic;
				DEVELOPMENT_TEAM = 57UD8XX9GY;
				INFOPLIST_FILE = TOdeDO/Info.plist;
				LD_RUNPATH_SEARCH_PATHS = "$(inherited) @executable_path/Frameworks";
				PRODUCT_BUNDLE_IDENTIFIER = PRH.TOdeDO;
				PRODUCT_NAME = "$(TARGET_NAME)";
				TARGETED_DEVICE_FAMILY = "1,2";
			};
			name = Release;
		};
/* End XCBuildConfiguration section */

/* Begin XCConfigurationList section */
		94445BB8201B221300057B03 /* Build configuration list for PBXProject "TOdeDO" */ = {
			isa = XCConfigurationList;
			buildConfigurations = (
				94445BD1201B221400057B03 /* Debug */,
				94445BD2201B221400057B03 /* Release */,
			);
			defaultConfigurationIsVisible = 0;
			defaultConfigurationName = Release;
		};
		94445BD3201B221400057B03 /* Build configuration list for PBXNativeTarget "TOdeDO" */ = {
			isa = XCConfigurationList;
			buildConfigurations = (
				94445BD4201B221400057B03 /* Debug */,
				94445BD5201B221400057B03 /* Release */,
			);
			defaultConfigurationIsVisible = 0;
			defaultConfigurationName = Release;
		};
/* End XCConfigurationList section */
	};
	rootObject = 94445BB5201B221300057B03 /* Project object */;
}
